
Microsoft Visual Studio Solution File, Format Version 12.00
# Visual Studio Version 16
VisualStudioVersion = 16.0.29613.14
MinimumVisualStudioVersion = 10.0.40219.1
Project("{9A19103F-16F7-4668-BE54-9A1E7A4F7556}") = "Svetlinable.Web", "Svetlinable.Web\Svetlinable.Web.csproj", "{484D333B-4FBD-4A6C-867C-94BE55DD9929}"
EndProject
Project("{9A19103F-16F7-4668-BE54-9A1E7A4F7556}") = "Svetlinable.Services", "Svetlinable.Services\Svetlinable.Services.csproj", "{49DCD8E6-3512-4BF0-97CE-A82F8013B147}"
EndProject
Project("{9A19103F-16F7-4668-BE54-9A1E7A4F7556}") = "Svetlinable.Data", "Svetlinable.Data\Svetlinable.Data.csproj", "{F8121A24-42F8-4B55-92C6-F8A610BF1759}"
EndProject
Project("{9A19103F-16F7-4668-BE54-9A1E7A4F7556}") = "Svetlinable.Models", "Svetlinable.Models\Svetlinable.Models.csproj", "{DDA090B1-1729-4D52-9709-6F2BF37E28F1}"
EndProject
Global
	GlobalSection(SolutionConfigurationPlatforms) = preSolution
		Debug|Any CPU = Debug|Any CPU
		Release|Any CPU = Release|Any CPU
	EndGlobalSection
	GlobalSection(ProjectConfigurationPlatforms) = postSolution
		{484D333B-4FBD-4A6C-867C-94BE55DD9929}.Debug|Any CPU.ActiveCfg = Debug|Any CPU
		{484D333B-4FBD-4A6C-867C-94BE55DD9929}.Debug|Any CPU.Build.0 = Debug|Any CPU
		{484D333B-4FBD-4A6C-867C-94BE55DD9929}.Release|Any CPU.ActiveCfg = Release|Any CPU
		{484D333B-4FBD-4A6C-867C-94BE55DD9929}.Release|Any CPU.Build.0 = Release|Any CPU
		{49DCD8E6-3512-4BF0-97CE-A82F8013B147}.Debug|Any CPU.ActiveCfg = Debug|Any CPU
		{49DCD8E6-3512-4BF0-97CE-A82F8013B147}.Debug|Any CPU.Build.0 = Debug|Any CPU
		{49DCD8E6-3512-4BF0-97CE-A82F8013B147}.Release|Any CPU.ActiveCfg = Release|Any CPU
		{49DCD8E6-3512-4BF0-97CE-A82F8013B147}.Release|Any CPU.Build.0 = Release|Any CPU
		{F8121A24-42F8-4B55-92C6-F8A610BF1759}.Debug|Any CPU.ActiveCfg = Debug|Any CPU
		{F8121A24-42F8-4B55-92C6-F8A610BF1759}.Debug|Any CPU.Build.0 = Debug|Any CPU
		{F8121A24-42F8-4B55-92C6-F8A610BF1759}.Release|Any CPU.ActiveCfg = Release|Any CPU
		{F8121A24-42F8-4B55-92C6-F8A610BF1759}.Release|Any CPU.Build.0 = Release|Any CPU
		{DDA090B1-1729-4D52-9709-6F2BF37E28F1}.Debug|Any CPU.ActiveCfg = Debug|Any CPU
		{DDA090B1-1729-4D52-9709-6F2BF37E28F1}.Debug|Any CPU.Build.0 = Debug|Any CPU
		{DDA090B1-1729-4D52-9709-6F2BF37E28F1}.Release|Any CPU.ActiveCfg = Release|Any CPU
		{DDA090B1-1729-4D52-9709-6F2BF37E28F1}.Release|Any CPU.Build.0 = Release|Any CPU
	EndGlobalSection
	GlobalSection(SolutionProperties) = preSolution
		HideSolutionNode = FALSE
	EndGlobalSection
	GlobalSection(ExtensibilityGlobals) = postSolution
		SolutionGuid = {4E397F3D-A7F9-4BCF-BB88-0F4D945FF08B}
	EndGlobalSection
EndGlobal
