
Microsoft Visual Studio Solution File, Format Version 12.00
# Visual Studio Version 16
VisualStudioVersion = 16.0.29613.14
MinimumVisualStudioVersion = 10.0.40219.1
Project("{9A19103F-16F7-4668-BE54-9A1E7A4F7556}") = "SPN.Forum.Services", "Services\SPN.Services\SPN.Forum.Services.csproj", "{EEF88C67-DBBD-45B2-8F18-5855D6C3AC40}"
EndProject
Project("{9A19103F-16F7-4668-BE54-9A1E7A4F7556}") = "SPN.Web", "Web\SPN.Web\SPN.Web.csproj", "{BA0C8CEE-BCFD-4D54-BF5A-A79092EB72B2}"
EndProject
Project("{9A19103F-16F7-4668-BE54-9A1E7A4F7556}") = "SPN.Web.ViewModels", "Web\SPN.Web.ViewModels\SPN.Web.ViewModels.csproj", "{6C6B9847-F759-48A0-BE35-7C7DD5DCEB40}"
EndProject
Project("{9A19103F-16F7-4668-BE54-9A1E7A4F7556}") = "SPN.Data.Common", "Data\SPN.Data.Common\SPN.Data.Common.csproj", "{D3453C7F-CA04-449E-8EE6-B539E2A3927B}"
EndProject
Project("{2150E333-8FDC-42A3-9474-1A3956D46DE8}") = "Data", "Data", "{5F44D22B-9BC8-4285-A4CD-994C9B1122B9}"
EndProject
Project("{2150E333-8FDC-42A3-9474-1A3956D46DE8}") = "Services", "Services", "{7EE47EEE-15F5-46A6-9E17-CB341A4805D9}"
EndProject
Project("{2150E333-8FDC-42A3-9474-1A3956D46DE8}") = "Web", "Web", "{465D557F-CAE3-47C1-AD2B-92BF87965123}"
EndProject
Project("{9A19103F-16F7-4668-BE54-9A1E7A4F7556}") = "SPN.Web.InputModels", "Web\SPN.Web.InputModels\SPN.Web.InputModels\SPN.Web.InputModels.csproj", "{80436823-AD30-413E-9976-EFC08C57A5D8}"
EndProject
Project("{9A19103F-16F7-4668-BE54-9A1E7A4F7556}") = "SPN.Forum.Services.Mapping", "Services\SPN.Services.Mapping\SPN.Services.Mapping\SPN.Services.Mapping\SPN.Forum.Services.Mapping.csproj", "{8D84474A-7FA2-4097-A197-E5147EAE9BFC}"
EndProject
Project("{9A19103F-16F7-4668-BE54-9A1E7A4F7556}") = "SPN.Quiz.Data", "Data\SPN.Quiz.Data\SPN.Quiz.Data.csproj", "{F9DCC835-6458-47C0-9A2B-400E3D52C7F0}"
EndProject
Project("{9A19103F-16F7-4668-BE54-9A1E7A4F7556}") = "SPN.Quiz.Data.Models", "Data\SPN.Quiz.Data.Models\SPN.Quiz.Data.Models.csproj", "{1EC428DC-D34D-4573-9CB4-29B875060225}"
EndProject
Project("{9A19103F-16F7-4668-BE54-9A1E7A4F7556}") = "SPN.Quiz.Services", "Services\SPN.Quiz.Services\SPN.Quiz.Services.csproj", "{BA726633-581B-4B0A-BA62-35F99A8EA236}"
EndProject
Project("{9A19103F-16F7-4668-BE54-9A1E7A4F7556}") = "SPN.Quiz.Services.Mapping", "Services\SPN.Quiz.Services.Mapping\SPN.Quiz.Services.Mapping.csproj", "{E90BAE45-A9B3-4F10-AABB-5E3146C11A9A}"
EndProject
Project("{9A19103F-16F7-4668-BE54-9A1E7A4F7556}") = "SPN.Services.Common", "Services\SPN.Services.Common\SPN.Services.Common.csproj", "{3F852C2D-59CC-434C-91C4-525E5C9638BD}"
EndProject
Project("{9A19103F-16F7-4668-BE54-9A1E7A4F7556}") = "SPN.Forum.Data", "Data\SPN.Forum.Data\SPN.Forum.Data.csproj", "{FE61E56E-3A18-4017-B076-C1D20E84CE64}"
EndProject
Project("{9A19103F-16F7-4668-BE54-9A1E7A4F7556}") = "SPN.Forum.Data.Models", "Data\SPN.Forum.Data.Models\SPN.Forum.Data.Models.csproj", "{47763C2A-2275-4652-8B37-16C8C9C97506}"
EndProject
Project("{FAE04EC0-301F-11D3-BF4B-00C04F79EFBC}") = "SPN.Data", "Data\SPN.Data\SPN.Data.csproj", "{BAF09303-80C5-4E6F-BC10-3B1DD5892163}"
EndProject
Global
	GlobalSection(SolutionConfigurationPlatforms) = preSolution
		Debug|Any CPU = Debug|Any CPU
		Release|Any CPU = Release|Any CPU
	EndGlobalSection
	GlobalSection(ProjectConfigurationPlatforms) = postSolution
		{EEF88C67-DBBD-45B2-8F18-5855D6C3AC40}.Debug|Any CPU.ActiveCfg = Debug|Any CPU
		{EEF88C67-DBBD-45B2-8F18-5855D6C3AC40}.Debug|Any CPU.Build.0 = Debug|Any CPU
		{EEF88C67-DBBD-45B2-8F18-5855D6C3AC40}.Release|Any CPU.ActiveCfg = Release|Any CPU
		{EEF88C67-DBBD-45B2-8F18-5855D6C3AC40}.Release|Any CPU.Build.0 = Release|Any CPU
		{BA0C8CEE-BCFD-4D54-BF5A-A79092EB72B2}.Debug|Any CPU.ActiveCfg = Debug|Any CPU
		{BA0C8CEE-BCFD-4D54-BF5A-A79092EB72B2}.Debug|Any CPU.Build.0 = Debug|Any CPU
		{BA0C8CEE-BCFD-4D54-BF5A-A79092EB72B2}.Release|Any CPU.ActiveCfg = Release|Any CPU
		{BA0C8CEE-BCFD-4D54-BF5A-A79092EB72B2}.Release|Any CPU.Build.0 = Release|Any CPU
		{6C6B9847-F759-48A0-BE35-7C7DD5DCEB40}.Debug|Any CPU.ActiveCfg = Debug|Any CPU
		{6C6B9847-F759-48A0-BE35-7C7DD5DCEB40}.Debug|Any CPU.Build.0 = Debug|Any CPU
		{6C6B9847-F759-48A0-BE35-7C7DD5DCEB40}.Release|Any CPU.ActiveCfg = Release|Any CPU
		{6C6B9847-F759-48A0-BE35-7C7DD5DCEB40}.Release|Any CPU.Build.0 = Release|Any CPU
		{D3453C7F-CA04-449E-8EE6-B539E2A3927B}.Debug|Any CPU.ActiveCfg = Debug|Any CPU
		{D3453C7F-CA04-449E-8EE6-B539E2A3927B}.Debug|Any CPU.Build.0 = Debug|Any CPU
		{D3453C7F-CA04-449E-8EE6-B539E2A3927B}.Release|Any CPU.ActiveCfg = Release|Any CPU
		{D3453C7F-CA04-449E-8EE6-B539E2A3927B}.Release|Any CPU.Build.0 = Release|Any CPU
		{80436823-AD30-413E-9976-EFC08C57A5D8}.Debug|Any CPU.ActiveCfg = Debug|Any CPU
		{80436823-AD30-413E-9976-EFC08C57A5D8}.Debug|Any CPU.Build.0 = Debug|Any CPU
		{80436823-AD30-413E-9976-EFC08C57A5D8}.Release|Any CPU.ActiveCfg = Release|Any CPU
		{80436823-AD30-413E-9976-EFC08C57A5D8}.Release|Any CPU.Build.0 = Release|Any CPU
		{8D84474A-7FA2-4097-A197-E5147EAE9BFC}.Debug|Any CPU.ActiveCfg = Debug|Any CPU
		{8D84474A-7FA2-4097-A197-E5147EAE9BFC}.Debug|Any CPU.Build.0 = Debug|Any CPU
		{8D84474A-7FA2-4097-A197-E5147EAE9BFC}.Release|Any CPU.ActiveCfg = Release|Any CPU
		{8D84474A-7FA2-4097-A197-E5147EAE9BFC}.Release|Any CPU.Build.0 = Release|Any CPU
		{F9DCC835-6458-47C0-9A2B-400E3D52C7F0}.Debug|Any CPU.ActiveCfg = Debug|Any CPU
		{F9DCC835-6458-47C0-9A2B-400E3D52C7F0}.Debug|Any CPU.Build.0 = Debug|Any CPU
		{F9DCC835-6458-47C0-9A2B-400E3D52C7F0}.Release|Any CPU.ActiveCfg = Release|Any CPU
		{F9DCC835-6458-47C0-9A2B-400E3D52C7F0}.Release|Any CPU.Build.0 = Release|Any CPU
		{1EC428DC-D34D-4573-9CB4-29B875060225}.Debug|Any CPU.ActiveCfg = Debug|Any CPU
		{1EC428DC-D34D-4573-9CB4-29B875060225}.Debug|Any CPU.Build.0 = Debug|Any CPU
		{1EC428DC-D34D-4573-9CB4-29B875060225}.Release|Any CPU.ActiveCfg = Release|Any CPU
		{1EC428DC-D34D-4573-9CB4-29B875060225}.Release|Any CPU.Build.0 = Release|Any CPU
		{BA726633-581B-4B0A-BA62-35F99A8EA236}.Debug|Any CPU.ActiveCfg = Debug|Any CPU
		{BA726633-581B-4B0A-BA62-35F99A8EA236}.Debug|Any CPU.Build.0 = Debug|Any CPU
		{BA726633-581B-4B0A-BA62-35F99A8EA236}.Release|Any CPU.ActiveCfg = Release|Any CPU
		{BA726633-581B-4B0A-BA62-35F99A8EA236}.Release|Any CPU.Build.0 = Release|Any CPU
		{E90BAE45-A9B3-4F10-AABB-5E3146C11A9A}.Debug|Any CPU.ActiveCfg = Debug|Any CPU
		{E90BAE45-A9B3-4F10-AABB-5E3146C11A9A}.Debug|Any CPU.Build.0 = Debug|Any CPU
		{E90BAE45-A9B3-4F10-AABB-5E3146C11A9A}.Release|Any CPU.ActiveCfg = Release|Any CPU
		{E90BAE45-A9B3-4F10-AABB-5E3146C11A9A}.Release|Any CPU.Build.0 = Release|Any CPU
		{3F852C2D-59CC-434C-91C4-525E5C9638BD}.Debug|Any CPU.ActiveCfg = Debug|Any CPU
		{3F852C2D-59CC-434C-91C4-525E5C9638BD}.Debug|Any CPU.Build.0 = Debug|Any CPU
		{3F852C2D-59CC-434C-91C4-525E5C9638BD}.Release|Any CPU.ActiveCfg = Release|Any CPU
		{3F852C2D-59CC-434C-91C4-525E5C9638BD}.Release|Any CPU.Build.0 = Release|Any CPU
		{FE61E56E-3A18-4017-B076-C1D20E84CE64}.Debug|Any CPU.ActiveCfg = Debug|Any CPU
		{FE61E56E-3A18-4017-B076-C1D20E84CE64}.Debug|Any CPU.Build.0 = Debug|Any CPU
		{FE61E56E-3A18-4017-B076-C1D20E84CE64}.Release|Any CPU.ActiveCfg = Release|Any CPU
		{FE61E56E-3A18-4017-B076-C1D20E84CE64}.Release|Any CPU.Build.0 = Release|Any CPU
		{47763C2A-2275-4652-8B37-16C8C9C97506}.Debug|Any CPU.ActiveCfg = Debug|Any CPU
		{47763C2A-2275-4652-8B37-16C8C9C97506}.Debug|Any CPU.Build.0 = Debug|Any CPU
		{47763C2A-2275-4652-8B37-16C8C9C97506}.Release|Any CPU.ActiveCfg = Release|Any CPU
		{47763C2A-2275-4652-8B37-16C8C9C97506}.Release|Any CPU.Build.0 = Release|Any CPU
		{BAF09303-80C5-4E6F-BC10-3B1DD5892163}.Debug|Any CPU.ActiveCfg = Debug|Any CPU
		{BAF09303-80C5-4E6F-BC10-3B1DD5892163}.Debug|Any CPU.Build.0 = Debug|Any CPU
		{BAF09303-80C5-4E6F-BC10-3B1DD5892163}.Release|Any CPU.ActiveCfg = Release|Any CPU
		{BAF09303-80C5-4E6F-BC10-3B1DD5892163}.Release|Any CPU.Build.0 = Release|Any CPU
	EndGlobalSection
	GlobalSection(SolutionProperties) = preSolution
		HideSolutionNode = FALSE
	EndGlobalSection
	GlobalSection(NestedProjects) = preSolution
		{EEF88C67-DBBD-45B2-8F18-5855D6C3AC40} = {7EE47EEE-15F5-46A6-9E17-CB341A4805D9}
		{BA0C8CEE-BCFD-4D54-BF5A-A79092EB72B2} = {465D557F-CAE3-47C1-AD2B-92BF87965123}
		{6C6B9847-F759-48A0-BE35-7C7DD5DCEB40} = {465D557F-CAE3-47C1-AD2B-92BF87965123}
		{D3453C7F-CA04-449E-8EE6-B539E2A3927B} = {5F44D22B-9BC8-4285-A4CD-994C9B1122B9}
		{80436823-AD30-413E-9976-EFC08C57A5D8} = {465D557F-CAE3-47C1-AD2B-92BF87965123}
		{8D84474A-7FA2-4097-A197-E5147EAE9BFC} = {7EE47EEE-15F5-46A6-9E17-CB341A4805D9}
		{F9DCC835-6458-47C0-9A2B-400E3D52C7F0} = {5F44D22B-9BC8-4285-A4CD-994C9B1122B9}
		{1EC428DC-D34D-4573-9CB4-29B875060225} = {5F44D22B-9BC8-4285-A4CD-994C9B1122B9}
		{BA726633-581B-4B0A-BA62-35F99A8EA236} = {7EE47EEE-15F5-46A6-9E17-CB341A4805D9}
		{E90BAE45-A9B3-4F10-AABB-5E3146C11A9A} = {7EE47EEE-15F5-46A6-9E17-CB341A4805D9}
		{3F852C2D-59CC-434C-91C4-525E5C9638BD} = {7EE47EEE-15F5-46A6-9E17-CB341A4805D9}
		{FE61E56E-3A18-4017-B076-C1D20E84CE64} = {5F44D22B-9BC8-4285-A4CD-994C9B1122B9}
		{47763C2A-2275-4652-8B37-16C8C9C97506} = {5F44D22B-9BC8-4285-A4CD-994C9B1122B9}
		{BAF09303-80C5-4E6F-BC10-3B1DD5892163} = {5F44D22B-9BC8-4285-A4CD-994C9B1122B9}
	EndGlobalSection
	GlobalSection(ExtensibilityGlobals) = postSolution
		SolutionGuid = {5D94260A-7A80-4EFB-810D-20F2C1CF7021}
	EndGlobalSection
EndGlobal
