
Microsoft Visual Studio Solution File, Format Version 12.00
# Visual Studio Version 16
VisualStudioVersion = 16.0.29613.14
MinimumVisualStudioVersion = 10.0.40219.1
Project("{9A19103F-16F7-4668-BE54-9A1E7A4F7556}") = "SPN.Forum.Data", "Data\SPN.Data\SPN.Forum.Data.csproj", "{BD1B833E-9069-4822-8DEC-BCCBA2F3E966}"
EndProject
Project("{9A19103F-16F7-4668-BE54-9A1E7A4F7556}") = "SPN.Forum.Data.Models", "Data\SPN.Data.Models\SPN.Forum.Data.Models.csproj", "{E7A14C27-E530-4B89-996A-8FD37C08C56C}"
EndProject
Project("{9A19103F-16F7-4668-BE54-9A1E7A4F7556}") = "SPN.Forum.Services", "Services\SPN.Services\SPN.Forum.Services.csproj", "{EEF88C67-DBBD-45B2-8F18-5855D6C3AC40}"
EndProject
Project("{9A19103F-16F7-4668-BE54-9A1E7A4F7556}") = "SPN.Web", "Web\SPN.Web\SPN.Web.csproj", "{BA0C8CEE-BCFD-4D54-BF5A-A79092EB72B2}"
EndProject
Project("{9A19103F-16F7-4668-BE54-9A1E7A4F7556}") = "SPN.Forum.Web.ViewModels", "Web\SPN.Web.ViewModels\SPN.Forum.Web.ViewModels.csproj", "{6C6B9847-F759-48A0-BE35-7C7DD5DCEB40}"
EndProject
Project("{9A19103F-16F7-4668-BE54-9A1E7A4F7556}") = "SPN.Data.Common", "Data\SPN.Data.Common\SPN.Data.Common.csproj", "{D3453C7F-CA04-449E-8EE6-B539E2A3927B}"
EndProject
Project("{2150E333-8FDC-42A3-9474-1A3956D46DE8}") = "Data", "Data", "{5F44D22B-9BC8-4285-A4CD-994C9B1122B9}"
EndProject
Project("{2150E333-8FDC-42A3-9474-1A3956D46DE8}") = "Services", "Services", "{7EE47EEE-15F5-46A6-9E17-CB341A4805D9}"
EndProject
Project("{2150E333-8FDC-42A3-9474-1A3956D46DE8}") = "Web", "Web", "{465D557F-CAE3-47C1-AD2B-92BF87965123}"
EndProject
Project("{9A19103F-16F7-4668-BE54-9A1E7A4F7556}") = "SPN.Forum.Web.InputModels", "Web\SPN.Web.InputModels\SPN.Web.InputModels\SPN.Forum.Web.InputModels.csproj", "{80436823-AD30-413E-9976-EFC08C57A5D8}"
EndProject
Project("{9A19103F-16F7-4668-BE54-9A1E7A4F7556}") = "SPN.Services.Mapping", "Services\SPN.Services.Mapping\SPN.Services.Mapping\SPN.Services.Mapping\SPN.Services.Mapping.csproj", "{8D84474A-7FA2-4097-A197-E5147EAE9BFC}"
EndProject
Project("{9A19103F-16F7-4668-BE54-9A1E7A4F7556}") = "SPN.Auto.Data.Models", "Data\SPN.Auto.Data.Models\SPN.Auto.Data.Models.csproj", "{E085F8E9-A0D1-41D0-AB97-B785CCB10EE8}"
EndProject
Project("{9A19103F-16F7-4668-BE54-9A1E7A4F7556}") = "SPN.Auto.Services", "Services\SPN.Auto.Services\SPN.Auto.Services.csproj", "{2881A152-BF53-41BF-9C17-1270D86D5C6F}"
EndProject
Project("{9A19103F-16F7-4668-BE54-9A1E7A4F7556}") = "SPN.Services.Shared", "Services\SPN.Services.Shared\SPN.Services.Shared.csproj", "{3ABD0339-EC03-4804-B0AC-E2C041D43CBA}"
EndProject
Project("{9A19103F-16F7-4668-BE54-9A1E7A4F7556}") = "SPN.Auto.Web.ViewModels", "Web\SPN.Auto.Web.ViewModels\SPN.Auto.Web.ViewModels.csproj", "{BEAD04EE-24B3-4765-9984-5981A3D0B9C7}"
EndProject
Project("{9A19103F-16F7-4668-BE54-9A1E7A4F7556}") = "SPN.Auto.Web.InputModels", "Web\SPN.Auto.Web.InputModels\SPN.Auto.Web.InputModels.csproj", "{6816FD28-1323-4D15-86D6-21D9A67E5260}"
EndProject
Project("{FAE04EC0-301F-11D3-BF4B-00C04F79EFBC}") = "SPN.Auto.Data", "Data\SPN.Auto.Data\SPN.Auto.Data.csproj", "{ECEF055F-5B57-4A80-B3BC-F10512C139FF}"
EndProject
Global
	GlobalSection(SolutionConfigurationPlatforms) = preSolution
		Debug|Any CPU = Debug|Any CPU
		Release|Any CPU = Release|Any CPU
	EndGlobalSection
	GlobalSection(ProjectConfigurationPlatforms) = postSolution
		{BD1B833E-9069-4822-8DEC-BCCBA2F3E966}.Debug|Any CPU.ActiveCfg = Debug|Any CPU
		{BD1B833E-9069-4822-8DEC-BCCBA2F3E966}.Debug|Any CPU.Build.0 = Debug|Any CPU
		{BD1B833E-9069-4822-8DEC-BCCBA2F3E966}.Release|Any CPU.ActiveCfg = Release|Any CPU
		{BD1B833E-9069-4822-8DEC-BCCBA2F3E966}.Release|Any CPU.Build.0 = Release|Any CPU
		{E7A14C27-E530-4B89-996A-8FD37C08C56C}.Debug|Any CPU.ActiveCfg = Debug|Any CPU
		{E7A14C27-E530-4B89-996A-8FD37C08C56C}.Debug|Any CPU.Build.0 = Debug|Any CPU
		{E7A14C27-E530-4B89-996A-8FD37C08C56C}.Release|Any CPU.ActiveCfg = Release|Any CPU
		{E7A14C27-E530-4B89-996A-8FD37C08C56C}.Release|Any CPU.Build.0 = Release|Any CPU
		{EEF88C67-DBBD-45B2-8F18-5855D6C3AC40}.Debug|Any CPU.ActiveCfg = Debug|Any CPU
		{EEF88C67-DBBD-45B2-8F18-5855D6C3AC40}.Debug|Any CPU.Build.0 = Debug|Any CPU
		{EEF88C67-DBBD-45B2-8F18-5855D6C3AC40}.Release|Any CPU.ActiveCfg = Release|Any CPU
		{EEF88C67-DBBD-45B2-8F18-5855D6C3AC40}.Release|Any CPU.Build.0 = Release|Any CPU
		{BA0C8CEE-BCFD-4D54-BF5A-A79092EB72B2}.Debug|Any CPU.ActiveCfg = Debug|Any CPU
		{BA0C8CEE-BCFD-4D54-BF5A-A79092EB72B2}.Debug|Any CPU.Build.0 = Debug|Any CPU
		{BA0C8CEE-BCFD-4D54-BF5A-A79092EB72B2}.Release|Any CPU.ActiveCfg = Release|Any CPU
		{BA0C8CEE-BCFD-4D54-BF5A-A79092EB72B2}.Release|Any CPU.Build.0 = Release|Any CPU
		{6C6B9847-F759-48A0-BE35-7C7DD5DCEB40}.Debug|Any CPU.ActiveCfg = Debug|Any CPU
		{6C6B9847-F759-48A0-BE35-7C7DD5DCEB40}.Debug|Any CPU.Build.0 = Debug|Any CPU
		{6C6B9847-F759-48A0-BE35-7C7DD5DCEB40}.Release|Any CPU.ActiveCfg = Release|Any CPU
		{6C6B9847-F759-48A0-BE35-7C7DD5DCEB40}.Release|Any CPU.Build.0 = Release|Any CPU
		{D3453C7F-CA04-449E-8EE6-B539E2A3927B}.Debug|Any CPU.ActiveCfg = Debug|Any CPU
		{D3453C7F-CA04-449E-8EE6-B539E2A3927B}.Debug|Any CPU.Build.0 = Debug|Any CPU
		{D3453C7F-CA04-449E-8EE6-B539E2A3927B}.Release|Any CPU.ActiveCfg = Release|Any CPU
		{D3453C7F-CA04-449E-8EE6-B539E2A3927B}.Release|Any CPU.Build.0 = Release|Any CPU
		{80436823-AD30-413E-9976-EFC08C57A5D8}.Debug|Any CPU.ActiveCfg = Debug|Any CPU
		{80436823-AD30-413E-9976-EFC08C57A5D8}.Debug|Any CPU.Build.0 = Debug|Any CPU
		{80436823-AD30-413E-9976-EFC08C57A5D8}.Release|Any CPU.ActiveCfg = Release|Any CPU
		{80436823-AD30-413E-9976-EFC08C57A5D8}.Release|Any CPU.Build.0 = Release|Any CPU
		{8D84474A-7FA2-4097-A197-E5147EAE9BFC}.Debug|Any CPU.ActiveCfg = Debug|Any CPU
		{8D84474A-7FA2-4097-A197-E5147EAE9BFC}.Debug|Any CPU.Build.0 = Debug|Any CPU
		{8D84474A-7FA2-4097-A197-E5147EAE9BFC}.Release|Any CPU.ActiveCfg = Release|Any CPU
		{8D84474A-7FA2-4097-A197-E5147EAE9BFC}.Release|Any CPU.Build.0 = Release|Any CPU
		{E085F8E9-A0D1-41D0-AB97-B785CCB10EE8}.Debug|Any CPU.ActiveCfg = Debug|Any CPU
		{E085F8E9-A0D1-41D0-AB97-B785CCB10EE8}.Debug|Any CPU.Build.0 = Debug|Any CPU
		{E085F8E9-A0D1-41D0-AB97-B785CCB10EE8}.Release|Any CPU.ActiveCfg = Release|Any CPU
		{E085F8E9-A0D1-41D0-AB97-B785CCB10EE8}.Release|Any CPU.Build.0 = Release|Any CPU
		{2881A152-BF53-41BF-9C17-1270D86D5C6F}.Debug|Any CPU.ActiveCfg = Debug|Any CPU
		{2881A152-BF53-41BF-9C17-1270D86D5C6F}.Debug|Any CPU.Build.0 = Debug|Any CPU
		{2881A152-BF53-41BF-9C17-1270D86D5C6F}.Release|Any CPU.ActiveCfg = Release|Any CPU
		{2881A152-BF53-41BF-9C17-1270D86D5C6F}.Release|Any CPU.Build.0 = Release|Any CPU
		{3ABD0339-EC03-4804-B0AC-E2C041D43CBA}.Debug|Any CPU.ActiveCfg = Debug|Any CPU
		{3ABD0339-EC03-4804-B0AC-E2C041D43CBA}.Debug|Any CPU.Build.0 = Debug|Any CPU
		{3ABD0339-EC03-4804-B0AC-E2C041D43CBA}.Release|Any CPU.ActiveCfg = Release|Any CPU
		{3ABD0339-EC03-4804-B0AC-E2C041D43CBA}.Release|Any CPU.Build.0 = Release|Any CPU
		{BEAD04EE-24B3-4765-9984-5981A3D0B9C7}.Debug|Any CPU.ActiveCfg = Debug|Any CPU
		{BEAD04EE-24B3-4765-9984-5981A3D0B9C7}.Debug|Any CPU.Build.0 = Debug|Any CPU
		{BEAD04EE-24B3-4765-9984-5981A3D0B9C7}.Release|Any CPU.ActiveCfg = Release|Any CPU
		{BEAD04EE-24B3-4765-9984-5981A3D0B9C7}.Release|Any CPU.Build.0 = Release|Any CPU
		{6816FD28-1323-4D15-86D6-21D9A67E5260}.Debug|Any CPU.ActiveCfg = Debug|Any CPU
		{6816FD28-1323-4D15-86D6-21D9A67E5260}.Debug|Any CPU.Build.0 = Debug|Any CPU
		{6816FD28-1323-4D15-86D6-21D9A67E5260}.Release|Any CPU.ActiveCfg = Release|Any CPU
		{6816FD28-1323-4D15-86D6-21D9A67E5260}.Release|Any CPU.Build.0 = Release|Any CPU
		{ECEF055F-5B57-4A80-B3BC-F10512C139FF}.Debug|Any CPU.ActiveCfg = Debug|Any CPU
		{ECEF055F-5B57-4A80-B3BC-F10512C139FF}.Debug|Any CPU.Build.0 = Debug|Any CPU
		{ECEF055F-5B57-4A80-B3BC-F10512C139FF}.Release|Any CPU.ActiveCfg = Release|Any CPU
		{ECEF055F-5B57-4A80-B3BC-F10512C139FF}.Release|Any CPU.Build.0 = Release|Any CPU
	EndGlobalSection
	GlobalSection(SolutionProperties) = preSolution
		HideSolutionNode = FALSE
	EndGlobalSection
	GlobalSection(NestedProjects) = preSolution
		{BD1B833E-9069-4822-8DEC-BCCBA2F3E966} = {5F44D22B-9BC8-4285-A4CD-994C9B1122B9}
		{E7A14C27-E530-4B89-996A-8FD37C08C56C} = {5F44D22B-9BC8-4285-A4CD-994C9B1122B9}
		{EEF88C67-DBBD-45B2-8F18-5855D6C3AC40} = {7EE47EEE-15F5-46A6-9E17-CB341A4805D9}
		{BA0C8CEE-BCFD-4D54-BF5A-A79092EB72B2} = {465D557F-CAE3-47C1-AD2B-92BF87965123}
		{6C6B9847-F759-48A0-BE35-7C7DD5DCEB40} = {465D557F-CAE3-47C1-AD2B-92BF87965123}
		{D3453C7F-CA04-449E-8EE6-B539E2A3927B} = {5F44D22B-9BC8-4285-A4CD-994C9B1122B9}
		{80436823-AD30-413E-9976-EFC08C57A5D8} = {465D557F-CAE3-47C1-AD2B-92BF87965123}
		{8D84474A-7FA2-4097-A197-E5147EAE9BFC} = {7EE47EEE-15F5-46A6-9E17-CB341A4805D9}
		{E085F8E9-A0D1-41D0-AB97-B785CCB10EE8} = {5F44D22B-9BC8-4285-A4CD-994C9B1122B9}
		{2881A152-BF53-41BF-9C17-1270D86D5C6F} = {7EE47EEE-15F5-46A6-9E17-CB341A4805D9}
		{3ABD0339-EC03-4804-B0AC-E2C041D43CBA} = {7EE47EEE-15F5-46A6-9E17-CB341A4805D9}
		{BEAD04EE-24B3-4765-9984-5981A3D0B9C7} = {465D557F-CAE3-47C1-AD2B-92BF87965123}
		{6816FD28-1323-4D15-86D6-21D9A67E5260} = {465D557F-CAE3-47C1-AD2B-92BF87965123}
		{ECEF055F-5B57-4A80-B3BC-F10512C139FF} = {5F44D22B-9BC8-4285-A4CD-994C9B1122B9}
	EndGlobalSection
	GlobalSection(ExtensibilityGlobals) = postSolution
		SolutionGuid = {5D94260A-7A80-4EFB-810D-20F2C1CF7021}
	EndGlobalSection
EndGlobal
